
Microsoft Visual Studio Solution File, Format Version 12.00
# Visual Studio Version 17
VisualStudioVersion = 17.9.34728.123
MinimumVisualStudioVersion = 10.0.40219.1
Project("{FAE04EC0-301F-11D3-BF4B-00C04F79EFBC}") = "SistemaGestionUI", "SistemaGestionUI\SistemaGestionUI.csproj", "{CAD2818B-CFAE-436E-81D2-4C14FAA1F3D8}"
EndProject
Project("{FAE04EC0-301F-11D3-BF4B-00C04F79EFBC}") = "SistemaGestionData", "SistemaGestionData\SistemaGestionData.csproj", "{C182093E-028A-4A0D-B538-3186C9D26F0E}"
EndProject
Project("{FAE04EC0-301F-11D3-BF4B-00C04F79EFBC}") = "SistemaGestionBussiness", "SistemaGestionBussiness\SistemaGestionBussiness.csproj", "{D85F64EF-EB8F-494B-AC4F-964D0F428A21}"
EndProject
Project("{FAE04EC0-301F-11D3-BF4B-00C04F79EFBC}") = "SistemaGestionEntities", "SistemaGestionEntities\SistemaGestionEntities.csproj", "{33B9EC78-3CD4-4A0A-ACD8-5E8668AC3045}"
EndProject
Global
	GlobalSection(SolutionConfigurationPlatforms) = preSolution
		Debug|Any CPU = Debug|Any CPU
		Release|Any CPU = Release|Any CPU
	EndGlobalSection
	GlobalSection(ProjectConfigurationPlatforms) = postSolution
		{CAD2818B-CFAE-436E-81D2-4C14FAA1F3D8}.Debug|Any CPU.ActiveCfg = Debug|Any CPU
		{CAD2818B-CFAE-436E-81D2-4C14FAA1F3D8}.Debug|Any CPU.Build.0 = Debug|Any CPU
		{CAD2818B-CFAE-436E-81D2-4C14FAA1F3D8}.Release|Any CPU.ActiveCfg = Release|Any CPU
		{CAD2818B-CFAE-436E-81D2-4C14FAA1F3D8}.Release|Any CPU.Build.0 = Release|Any CPU
		{C182093E-028A-4A0D-B538-3186C9D26F0E}.Debug|Any CPU.ActiveCfg = Debug|Any CPU
		{C182093E-028A-4A0D-B538-3186C9D26F0E}.Debug|Any CPU.Build.0 = Debug|Any CPU
		{C182093E-028A-4A0D-B538-3186C9D26F0E}.Release|Any CPU.ActiveCfg = Release|Any CPU
		{C182093E-028A-4A0D-B538-3186C9D26F0E}.Release|Any CPU.Build.0 = Release|Any CPU
		{D85F64EF-EB8F-494B-AC4F-964D0F428A21}.Debug|Any CPU.ActiveCfg = Debug|Any CPU
		{D85F64EF-EB8F-494B-AC4F-964D0F428A21}.Debug|Any CPU.Build.0 = Debug|Any CPU
		{D85F64EF-EB8F-494B-AC4F-964D0F428A21}.Release|Any CPU.ActiveCfg = Release|Any CPU
		{D85F64EF-EB8F-494B-AC4F-964D0F428A21}.Release|Any CPU.Build.0 = Release|Any CPU
		{33B9EC78-3CD4-4A0A-ACD8-5E8668AC3045}.Debug|Any CPU.ActiveCfg = Debug|Any CPU
		{33B9EC78-3CD4-4A0A-ACD8-5E8668AC3045}.Debug|Any CPU.Build.0 = Debug|Any CPU
		{33B9EC78-3CD4-4A0A-ACD8-5E8668AC3045}.Release|Any CPU.ActiveCfg = Release|Any CPU
		{33B9EC78-3CD4-4A0A-ACD8-5E8668AC3045}.Release|Any CPU.Build.0 = Release|Any CPU
	EndGlobalSection
	GlobalSection(SolutionProperties) = preSolution
		HideSolutionNode = FALSE
	EndGlobalSection
	GlobalSection(ExtensibilityGlobals) = postSolution
		SolutionGuid = {ADF31037-E716-4978-9C9D-354D3BA49C71}
	EndGlobalSection
EndGlobal
